
Microsoft Visual Studio Solution File, Format Version 12.00
# Visual Studio 15
VisualStudioVersion = 15.0.27703.2042
MinimumVisualStudioVersion = 10.0.40219.1
Project("{9A19103F-16F7-4668-BE54-9A1E7A4F7556}") = "Restaurants.Domain", "Restaurant.Domain\Restaurants.Domain.csproj", "{267FDCFD-615C-44A4-B704-652D03C4C089}"
EndProject
Project("{9A19103F-16F7-4668-BE54-9A1E7A4F7556}") = "Restaurants.Data", "Restaurant.Data\Restaurants.Data.csproj", "{FA5DD12A-A28F-45C5-B959-5711B8390AD3}"
EndProject
Project("{9A19103F-16F7-4668-BE54-9A1E7A4F7556}") = "Restaurants.Application", "Restaurant.Application\Restaurants.Application.csproj", "{C0AA6093-F003-41A7-AE7C-F704E4F80755}"
EndProject
Project("{9A19103F-16F7-4668-BE54-9A1E7A4F7556}") = "Restaurants.Kernel", "Restaurant.Kernel\Restaurants.Kernel.csproj", "{FE90537C-A5B4-4F9E-B6B0-8DC3CA001DEE}"
EndProject
Project("{9A19103F-16F7-4668-BE54-9A1E7A4F7556}") = "Restaurants.WebApi", "Restaurant.WebApi\Restaurants.WebApi.csproj", "{F671A240-59AD-4057-B384-7454BDE9806A}"
EndProject
Global
	GlobalSection(SolutionConfigurationPlatforms) = preSolution
		Debug|Any CPU = Debug|Any CPU
		Release|Any CPU = Release|Any CPU
	EndGlobalSection
	GlobalSection(ProjectConfigurationPlatforms) = postSolution
		{267FDCFD-615C-44A4-B704-652D03C4C089}.Debug|Any CPU.ActiveCfg = Debug|Any CPU
		{267FDCFD-615C-44A4-B704-652D03C4C089}.Debug|Any CPU.Build.0 = Debug|Any CPU
		{267FDCFD-615C-44A4-B704-652D03C4C089}.Release|Any CPU.ActiveCfg = Release|Any CPU
		{267FDCFD-615C-44A4-B704-652D03C4C089}.Release|Any CPU.Build.0 = Release|Any CPU
		{FA5DD12A-A28F-45C5-B959-5711B8390AD3}.Debug|Any CPU.ActiveCfg = Debug|Any CPU
		{FA5DD12A-A28F-45C5-B959-5711B8390AD3}.Debug|Any CPU.Build.0 = Debug|Any CPU
		{FA5DD12A-A28F-45C5-B959-5711B8390AD3}.Release|Any CPU.ActiveCfg = Release|Any CPU
		{FA5DD12A-A28F-45C5-B959-5711B8390AD3}.Release|Any CPU.Build.0 = Release|Any CPU
		{C0AA6093-F003-41A7-AE7C-F704E4F80755}.Debug|Any CPU.ActiveCfg = Debug|Any CPU
		{C0AA6093-F003-41A7-AE7C-F704E4F80755}.Debug|Any CPU.Build.0 = Debug|Any CPU
		{C0AA6093-F003-41A7-AE7C-F704E4F80755}.Release|Any CPU.ActiveCfg = Release|Any CPU
		{C0AA6093-F003-41A7-AE7C-F704E4F80755}.Release|Any CPU.Build.0 = Release|Any CPU
		{FE90537C-A5B4-4F9E-B6B0-8DC3CA001DEE}.Debug|Any CPU.ActiveCfg = Debug|Any CPU
		{FE90537C-A5B4-4F9E-B6B0-8DC3CA001DEE}.Debug|Any CPU.Build.0 = Debug|Any CPU
		{FE90537C-A5B4-4F9E-B6B0-8DC3CA001DEE}.Release|Any CPU.ActiveCfg = Release|Any CPU
		{FE90537C-A5B4-4F9E-B6B0-8DC3CA001DEE}.Release|Any CPU.Build.0 = Release|Any CPU
		{F671A240-59AD-4057-B384-7454BDE9806A}.Debug|Any CPU.ActiveCfg = Debug|Any CPU
		{F671A240-59AD-4057-B384-7454BDE9806A}.Debug|Any CPU.Build.0 = Debug|Any CPU
		{F671A240-59AD-4057-B384-7454BDE9806A}.Release|Any CPU.ActiveCfg = Release|Any CPU
		{F671A240-59AD-4057-B384-7454BDE9806A}.Release|Any CPU.Build.0 = Release|Any CPU
	EndGlobalSection
	GlobalSection(SolutionProperties) = preSolution
		HideSolutionNode = FALSE
	EndGlobalSection
	GlobalSection(ExtensibilityGlobals) = postSolution
		SolutionGuid = {3D94DF2B-961E-4E83-AAD8-AC8C44138DA9}
	EndGlobalSection
EndGlobal
